
Microsoft Visual Studio Solution File, Format Version 12.00
# Visual Studio Version 17
VisualStudioVersion = 17.11.35219.272
MinimumVisualStudioVersion = 10.0.40219.1
Project("{FAE04EC0-301F-11D3-BF4B-00C04F79EFBC}") = "bt1", "bt1\bt1.csproj", "{2132194A-9C8D-4E02-97BC-61A2C9EBA6CE}"
EndProject
Global
	GlobalSection(SolutionConfigurationPlatforms) = preSolution
		Debug|Any CPU = Debug|Any CPU
		Release|Any CPU = Release|Any CPU
	EndGlobalSection
	GlobalSection(ProjectConfigurationPlatforms) = postSolution
		{2132194A-9C8D-4E02-97BC-61A2C9EBA6CE}.Debug|Any CPU.ActiveCfg = Debug|Any CPU
		{2132194A-9C8D-4E02-97BC-61A2C9EBA6CE}.Debug|Any CPU.Build.0 = Debug|Any CPU
		{2132194A-9C8D-4E02-97BC-61A2C9EBA6CE}.Release|Any CPU.ActiveCfg = Release|Any CPU
		{2132194A-9C8D-4E02-97BC-61A2C9EBA6CE}.Release|Any CPU.Build.0 = Release|Any CPU
	EndGlobalSection
	GlobalSection(SolutionProperties) = preSolution
		HideSolutionNode = FALSE
	EndGlobalSection
	GlobalSection(ExtensibilityGlobals) = postSolution
		SolutionGuid = {6BBE7D69-A174-4EF4-BF43-D68FE90F21AB}
	EndGlobalSection
EndGlobal
